{
  "name": "server",
  "lockfileVersion": 3,
  "requires": true,
  "packages": {
    "": {
      "dependencies": {
        "pnpm": "^9.5.0"
      }
    },
    "node_modules/pnpm": {
      "version": "9.5.0",
      "resolved": "https://registry.npmjs.org/pnpm/-/pnpm-9.5.0.tgz",
      "integrity": "sha512-FAA2gwEkYY1iSiGHtQ0EKJ1aCH8ybJ7fwMzXM9dsT1LDoxPU/BSHlKKp2BVTAWAE5nQujPhQZwJopzh/wiDJAw==",
      "bin": {
        "pnpm": "bin/pnpm.cjs",
        "pnpx": "bin/pnpx.cjs"
      },
      "engines": {
        "node": ">=18.12"
      },
      "funding": {
        "url": "https://opencollective.com/pnpm"
      }
    }
  }
}
